
Microsoft Visual Studio Solution File, Format Version 12.00
# Visual Studio Version 17
VisualStudioVersion = 17.13.35828.75 d17.13
MinimumVisualStudioVersion = 10.0.40219.1
Project("{FAE04EC0-301F-11D3-BF4B-00C04F79EFBC}") = "RunningBlazor", "RunningBlazor\RunningBlazor\RunningBlazor.csproj", "{B0234BF1-012F-493D-99D8-141C656688EB}"
EndProject
Project("{FAE04EC0-301F-11D3-BF4B-00C04F79EFBC}") = "RunningBlazor.Shared", "RunningBlazor\RunningBlazor.Shared\RunningBlazor.Shared.csproj", "{7494FD7A-7A7E-452A-94A2-2BD501C5EA1B}"
EndProject
Project("{FAE04EC0-301F-11D3-BF4B-00C04F79EFBC}") = "RunningBlazor.Web", "RunningBlazor\RunningBlazor.Web\RunningBlazor.Web.csproj", "{93D141B2-6EC4-43AE-915F-BB3539D30022}"
EndProject
Project("{FAE04EC0-301F-11D3-BF4B-00C04F79EFBC}") = "RunningBlazor.Web.Client", "RunningBlazor\RunningBlazor.Web.Client\RunningBlazor.Web.Client.csproj", "{00BC43FF-3053-4012-9561-DF9A14CE5042}"
EndProject
Global
	GlobalSection(SolutionConfigurationPlatforms) = preSolution
		Debug|Any CPU = Debug|Any CPU
		Release|Any CPU = Release|Any CPU
	EndGlobalSection
	GlobalSection(ProjectConfigurationPlatforms) = postSolution
		{B0234BF1-012F-493D-99D8-141C656688EB}.Debug|Any CPU.ActiveCfg = Debug|Any CPU
		{B0234BF1-012F-493D-99D8-141C656688EB}.Debug|Any CPU.Build.0 = Debug|Any CPU
		{B0234BF1-012F-493D-99D8-141C656688EB}.Debug|Any CPU.Deploy.0 = Debug|Any CPU
		{B0234BF1-012F-493D-99D8-141C656688EB}.Release|Any CPU.ActiveCfg = Release|Any CPU
		{B0234BF1-012F-493D-99D8-141C656688EB}.Release|Any CPU.Build.0 = Release|Any CPU
		{7494FD7A-7A7E-452A-94A2-2BD501C5EA1B}.Debug|Any CPU.ActiveCfg = Debug|Any CPU
		{7494FD7A-7A7E-452A-94A2-2BD501C5EA1B}.Debug|Any CPU.Build.0 = Debug|Any CPU
		{7494FD7A-7A7E-452A-94A2-2BD501C5EA1B}.Release|Any CPU.ActiveCfg = Release|Any CPU
		{7494FD7A-7A7E-452A-94A2-2BD501C5EA1B}.Release|Any CPU.Build.0 = Release|Any CPU
		{93D141B2-6EC4-43AE-915F-BB3539D30022}.Debug|Any CPU.ActiveCfg = Debug|Any CPU
		{93D141B2-6EC4-43AE-915F-BB3539D30022}.Debug|Any CPU.Build.0 = Debug|Any CPU
		{93D141B2-6EC4-43AE-915F-BB3539D30022}.Release|Any CPU.ActiveCfg = Release|Any CPU
		{93D141B2-6EC4-43AE-915F-BB3539D30022}.Release|Any CPU.Build.0 = Release|Any CPU
		{00BC43FF-3053-4012-9561-DF9A14CE5042}.Debug|Any CPU.ActiveCfg = Debug|Any CPU
		{00BC43FF-3053-4012-9561-DF9A14CE5042}.Debug|Any CPU.Build.0 = Debug|Any CPU
		{00BC43FF-3053-4012-9561-DF9A14CE5042}.Release|Any CPU.ActiveCfg = Release|Any CPU
		{00BC43FF-3053-4012-9561-DF9A14CE5042}.Release|Any CPU.Build.0 = Release|Any CPU
	EndGlobalSection
	GlobalSection(SolutionProperties) = preSolution
		HideSolutionNode = FALSE
	EndGlobalSection
	GlobalSection(ExtensibilityGlobals) = postSolution
		SolutionGuid = {F93DBEA2-5F61-4578-9C9B-3C04DDEDF2C7}
	EndGlobalSection
EndGlobal
